lockfileVersion: '6.0'

settings:
  autoInstallPeers: true
  excludeLinksFromLockfile: false

dependencies:
  posthog-js:
    specifier: ^1.116.6
    version: 1.116.6

packages:

  /fflate@0.4.8:
    resolution: {integrity: sha512-FJqqoDBR00Mdj9ppamLa/Y7vxm+PRmNWA67N846RvsoYVMKB4q3y/de5PA7gUmRMYK/8CMz2GDZQmCRN1wBcWA==}
    dev: false

  /posthog-js@1.116.6:
    resolution: {integrity: sha512-rvt8HxzJD4c2B/xsUa4jle8ApdqljeBI2Qqjp4XJMohQf18DXRyM6b96H5/UMs8jxYuZG14Er0h/kEIWeU6Fmw==}
    dependencies:
      fflate: 0.4.8
      preact: 10.20.1
    dev: false

  /preact@10.20.1:
    resolution: {integrity: sha512-JIFjgFg9B2qnOoGiYMVBtrcFxHqn+dNXbq76bVmcaHYJFYR4lW67AOcXgAYQQTDYXDOg/kTZrKPNCdRgJ2UJmw==}
    dev: false
